// !$*UTF8*$!
{
	archiveVersion = 1;
	classes = {
	};
	objectVersion = 55;
	objects = {

/* Begin PBXBuildFile section */
		F486E82428B7B4EF00B4FB85 /* AppDelegate.swift in Sources */ = {isa = PBXBuildFile; fileRef = F486E82328B7B4EF00B4FB85 /* AppDelegate.swift */; };
		F486E82628B7B4EF00B4FB85 /* SceneDelegate.swift in Sources */ = {isa = PBXBuildFile; fileRef = F486E82528B7B4EF00B4FB85 /* SceneDelegate.swift */; };
		F486E82828B7B4F000B4FB85 /* ViewController.swift in Sources */ = {isa = PBXBuildFile; fileRef = F486E82728B7B4F000B4FB85 /* ViewController.swift */; };
		F486E82B28B7B4F000B4FB85 /* Main.storyboard in Resources */ = {isa = PBXBuildFile; fileRef = F486E82928B7B4F000B4FB85 /* Main.storyboard */; };
		F486E82D28B7B4F300B4FB85 /* Assets.xcassets in Resources */ = {isa = PBXBuildFile; fileRef = F486E82C28B7B4F300B4FB85 /* Assets.xcassets */; };
		F486E83028B7B4F300B4FB85 /* LaunchScreen.storyboard in Resources */ = {isa = PBXBuildFile; fileRef = F486E82E28B7B4F300B4FB85 /* LaunchScreen.storyboard */; };
		F486E83B28B7B4F300B4FB85 /* HelloAppTests.swift in Sources */ = {isa = PBXBuildFile; fileRef = F486E83A28B7B4F300B4FB85 /* HelloAppTests.swift */; };
		F486E84528B7B4F300B4FB85 /* HelloAppUITests.swift in Sources */ = {isa = PBXBuildFile; fileRef = F486E84428B7B4F300B4FB85 /* HelloAppUITests.swift */; };
		F486E84728B7B4F300B4FB85 /* HelloAppUITestsLaunchTests.swift in Sources */ = {isa = PBXBuildFile; fileRef = F486E84628B7B4F300B4FB85 /* HelloAppUITestsLaunchTests.swift */; };
/* End PBXBuildFile section */

/* Begin PBXContainerItemProxy section */
		F486E83728B7B4F300B4FB85 /* PBXContainerItemProxy */ = {
			isa = PBXContainerItemProxy;
			containerPortal = F486E81828B7B4EF00B4FB85 /* Project object */;
			proxyType = 1;
			remoteGlobalIDString = F486E81F28B7B4EF00B4FB85;
			remoteInfo = HelloApp;
		};
		F486E84128B7B4F300B4FB85 /* PBXContainerItemProxy */ = {
			isa = PBXContainerItemProxy;
			containerPortal = F486E81828B7B4EF00B4FB85 /* Project object */;
			proxyType = 1;
			remoteGlobalIDString = F486E81F28B7B4EF00B4FB85;
			remoteInfo = HelloApp;
		};
/* End PBXContainerItemProxy section */

/* Begin PBXFileReference section */
		F486E82028B7B4EF00B4FB85 /* HelloApp.app */ = {isa = PBXFileReference; explicitFileType = wrapper.application; includeInIndex = 0; path = HelloApp.app; sourceTree = BUILT_PRODUCTS_DIR; };
		F486E82328B7B4EF00B4FB85 /* AppDelegate.swift */ = {isa = PBXFileReference; lastKnownFileType = sourcecode.swift; path = AppDelegate.swift; sourceTree = "<group>"; };
		F486E82528B7B4EF00B4FB85 /* SceneDelegate.swift */ = {isa = PBXFileReference; lastKnownFileType = sourcecode.swift; path = SceneDelegate.swift; sourceTree = "<group>"; };
		F486E82728B7B4F000B4FB85 /* ViewController.swift */ = {isa = PBXFileReference; lastKnownFileType = sourcecode.swift; path = ViewController.swift; sourceTree = "<group>"; };
		F486E82A28B7B4F000B4FB85 /* Base */ = {isa = PBXFileReference; lastKnownFileType = file.storyboard; name = Base; path = Base.lproj/Main.storyboard; sourceTree = "<group>"; };
		F486E82C28B7B4F300B4FB85 /* Assets.xcassets */ = {isa = PBXFileReference; lastKnownFileType = folder.assetcatalog; path = Assets.xcassets; sourceTree = "<group>"; };
		F486E82F28B7B4F300B4FB85 /* Base */ = {isa = PBXFileReference; lastKnownFileType = file.storyboard; name = Base; path = Base.lproj/LaunchScreen.storyboard; sourceTree = "<group>"; };
		F486E83128B7B4F300B4FB85 /* Info.plist */ = {isa = PBXFileReference; lastKnownFileType = text.plist.xml; path = Info.plist; sourceTree = "<group>"; };
		F486E83628B7B4F300B4FB85 /* HelloAppTests.xctest */ = {isa = PBXFileReference; explicitFileType = wrapper.cfbundle; includeInIndex = 0; path = HelloAppTests.xctest; sourceTree = BUILT_PRODUCTS_DIR; };
		F486E83A28B7B4F300B4FB85 /* HelloAppTests.swift */ = {isa = PBXFileReference; lastKnownFileType = sourcecode.swift; path = HelloAppTests.swift; sourceTree = "<group>"; };
		F486E84028B7B4F300B4FB85 /* HelloAppUITests.xctest */ = {isa = PBXFileReference; explicitFileType = wrapper.cfbundle; includeInIndex = 0; path = HelloAppUITests.xctest; sourceTree = BUILT_PRODUCTS_DIR; };
		F486E84428B7B4F300B4FB85 /* HelloAppUITests.swift */ = {isa = PBXFileReference; lastKnownFileType = sourcecode.swift; path = HelloAppUITests.swift; sourceTree = "<group>"; };
		F486E84628B7B4F300B4FB85 /* HelloAppUITestsLaunchTests.swift */ = {isa = PBXFileReference; lastKnownFileType = sourcecode.swift; path = HelloAppUITestsLaunchTests.swift; sourceTree = "<group>"; };
/* End PBXFileReference section */

/* Begin PBXFrameworksBuildPhase section */
		F486E81D28B7B4EF00B4FB85 /* Frameworks */ = {
			isa = PBXFrameworksBuildPhase;
			buildActionMask = 2147483647;
			files = (
			);
			runOnlyForDeploymentPostprocessing = 0;
		};
		F486E83328B7B4F300B4FB85 /* Frameworks */ = {
			isa = PBXFrameworksBuildPhase;
			buildActionMask = 2147483647;
			files = (
			);
			runOnlyForDeploymentPostprocessing = 0;
		};
		F486E83D28B7B4F300B4FB85 /* Frameworks */ = {
			isa = PBXFrameworksBuildPhase;
			buildActionMask = 2147483647;
			files = (
			);
			runOnlyForDeploymentPostprocessing = 0;
		};
/* End PBXFrameworksBuildPhase section */

/* Begin PBXGroup section */
		F486E81728B7B4EF00B4FB85 = {
			isa = PBXGroup;
			children = (
				F486E82228B7B4EF00B4FB85 /* HelloApp */,
				F486E83928B7B4F300B4FB85 /* HelloAppTests */,
				F486E84328B7B4F300B4FB85 /* HelloAppUITests */,
				F486E82128B7B4EF00B4FB85 /* Products */,
			);
			sourceTree = "<group>";
		};
		F486E82128B7B4EF00B4FB85 /* Products */ = {
			isa = PBXGroup;
			children = (
				F486E82028B7B4EF00B4FB85 /* HelloApp.app */,
				F486E83628B7B4F300B4FB85 /* HelloAppTests.xctest */,
				F486E84028B7B4F300B4FB85 /* HelloAppUITests.xctest */,
			);
			name = Products;
			sourceTree = "<group>";
		};
		F486E82228B7B4EF00B4FB85 /* HelloApp */ = {
			isa = PBXGroup;
			children = (
				F486E82328B7B4EF00B4FB85 /* AppDelegate.swift */,
				F486E82528B7B4EF00B4FB85 /* SceneDelegate.swift */,
				F486E82728B7B4F000B4FB85 /* ViewController.swift */,
				F486E82928B7B4F000B4FB85 /* Main.storyboard */,
				F486E82C28B7B4F300B4FB85 /* Assets.xcassets */,
				F486E82E28B7B4F300B4FB85 /* LaunchScreen.storyboard */,
				F486E83128B7B4F300B4FB85 /* Info.plist */,
			);
			path = HelloApp;
			sourceTree = "<group>";
		};
		F486E83928B7B4F300B4FB85 /* HelloAppTests */ = {
			isa = PBXGroup;
			children = (
				F486E83A28B7B4F300B4FB85 /* HelloAppTests.swift */,
			);
			path = HelloAppTests;
			sourceTree = "<group>";
		};
		F486E84328B7B4F300B4FB85 /* HelloAppUITests */ = {
			isa = PBXGroup;
			children = (
				F486E84428B7B4F300B4FB85 /* HelloAppUITests.swift */,
				F486E84628B7B4F300B4FB85 /* HelloAppUITestsLaunchTests.swift */,
			);
			path = HelloAppUITests;
			sourceTree = "<group>";
		};
/* End PBXGroup section */

/* Begin PBXNativeTarget section */
		F486E81F28B7B4EF00B4FB85 /* HelloApp */ = {
			isa = PBXNativeTarget;
			buildConfigurationList = F486E84A28B7B4F300B4FB85 /* Build configuration list for PBXNativeTarget "HelloApp" */;
			buildPhases = (
				F486E81C28B7B4EF00B4FB85 /* Sources */,
				F486E81D28B7B4EF00B4FB85 /* Frameworks */,
				F486E81E28B7B4EF00B4FB85 /* Resources */,
			);
			buildRules = (
			);
			dependencies = (
			);
			name = HelloApp;
			productName = HelloApp;
			productReference = F486E82028B7B4EF00B4FB85 /* HelloApp.app */;
			productType = "com.apple.product-type.application";
		};
		F486E83528B7B4F300B4FB85 /* HelloAppTests */ = {
			isa = PBXNativeTarget;
			buildConfigurationList = F486E84D28B7B4F300B4FB85 /* Build configuration list for PBXNativeTarget "HelloAppTests" */;
			buildPhases = (
				F486E83228B7B4F300B4FB85 /* Sources */,
				F486E83328B7B4F300B4FB85 /* Frameworks */,
				F486E83428B7B4F300B4FB85 /* Resources */,
			);
			buildRules = (
			);
			dependencies = (
				F486E83828B7B4F300B4FB85 /* PBXTargetDependency */,
			);
			name = HelloAppTests;
			productName = HelloAppTests;
			productReference = F486E83628B7B4F300B4FB85 /* HelloAppTests.xctest */;
			productType = "com.apple.product-type.bundle.unit-test";
		};
		F486E83F28B7B4F300B4FB85 /* HelloAppUITests */ = {
			isa = PBXNativeTarget;
			buildConfigurationList = F486E85028B7B4F300B4FB85 /* Build configuration list for PBXNativeTarget "HelloAppUITests" */;
			buildPhases = (
				F486E83C28B7B4F300B4FB85 /* Sources */,
				F486E83D28B7B4F300B4FB85 /* Frameworks */,
				F486E83E28B7B4F300B4FB85 /* Resources */,
			);
			buildRules = (
			);
			dependencies = (
				F486E84228B7B4F300B4FB85 /* PBXTargetDependency */,
			);
			name = HelloAppUITests;
			productName = HelloAppUITests;
			productReference = F486E84028B7B4F300B4FB85 /* HelloAppUITests.xctest */;
			productType = "com.apple.product-type.bundle.ui-testing";
		};
/* End PBXNativeTarget section */

/* Begin PBXProject section */
		F486E81828B7B4EF00B4FB85 /* Project object */ = {
			isa = PBXProject;
			attributes = {
				BuildIndependentTargetsInParallel = 1;
				LastSwiftUpdateCheck = 1340;
				LastUpgradeCheck = 1340;
				TargetAttributes = {
					F486E81F28B7B4EF00B4FB85 = {
						CreatedOnToolsVersion = 13.4.1;
					};
					F486E83528B7B4F300B4FB85 = {
						CreatedOnToolsVersion = 13.4.1;
						TestTargetID = F486E81F28B7B4EF00B4FB85;
					};
					F486E83F28B7B4F300B4FB85 = {
						CreatedOnToolsVersion = 13.4.1;
						TestTargetID = F486E81F28B7B4EF00B4FB85;
					};
				};
			};
			buildConfigurationList = F486E81B28B7B4EF00B4FB85 /* Build configuration list for PBXProject "HelloApp" */;
			compatibilityVersion = "Xcode 13.0";
			developmentRegion = en;
			hasScannedForEncodings = 0;
			knownRegions = (
				en,
				Base,
			);
			mainGroup = F486E81728B7B4EF00B4FB85;
			productRefGroup = F486E82128B7B4EF00B4FB85 /* Products */;
			projectDirPath = "";
			projectRoot = "";
			targets = (
				F486E81F28B7B4EF00B4FB85 /* HelloApp */,
				F486E83528B7B4F300B4FB85 /* HelloAppTests */,
				F486E83F28B7B4F300B4FB85 /* HelloAppUITests */,
			);
		};
/* End PBXProject section */

/* Begin PBXResourcesBuildPhase section */
		F486E81E28B7B4EF00B4FB85 /* Resources */ = {
			isa = PBXResourcesBuildPhase;
			buildActionMask = 2147483647;
			files = (
				F486E83028B7B4F300B4FB85 /* LaunchScreen.storyboard in Resources */,
				F486E82D28B7B4F300B4FB85 /* Assets.xcassets in Resources */,
				F486E82B28B7B4F000B4FB85 /* Main.storyboard in Resources */,
			);
			runOnlyForDeploymentPostprocessing = 0;
		};
		F486E83428B7B4F300B4FB85 /* Resources */ = {
			isa = PBXResourcesBuildPhase;
			buildActionMask = 2147483647;
			files = (
			);
			runOnlyForDeploymentPostprocessing = 0;
		};
		F486E83E28B7B4F300B4FB85 /* Resources */ = {
			isa = PBXResourcesBuildPhase;
			buildActionMask = 2147483647;
			files = (
			);
			runOnlyForDeploymentPostprocessing = 0;
		};
/* End PBXResourcesBuildPhase section */

/* Begin PBXSourcesBuildPhase section */
		F486E81C28B7B4EF00B4FB85 /* Sources */ = {
			isa = PBXSourcesBuildPhase;
			buildActionMask = 2147483647;
			files = (
				F486E82828B7B4F000B4FB85 /* ViewController.swift in Sources */,
				F486E82428B7B4EF00B4FB85 /* AppDelegate.swift in Sources */,
				F486E82628B7B4EF00B4FB85 /* SceneDelegate.swift in Sources */,
			);
			runOnlyForDeploymentPostprocessing = 0;
		};
		F486E83228B7B4F300B4FB85 /* Sources */ = {
			isa = PBXSourcesBuildPhase;
			buildActionMask = 2147483647;
			files = (
				F486E83B28B7B4F300B4FB85 /* HelloAppTests.swift in Sources */,
			);
			runOnlyForDeploymentPostprocessing = 0;
		};
		F486E83C28B7B4F300B4FB85 /* Sources */ = {
			isa = PBXSourcesBuildPhase;
			buildActionMask = 2147483647;
			files = (
				F486E84728B7B4F300B4FB85 /* HelloAppUITestsLaunchTests.swift in Sources */,
				F486E84528B7B4F300B4FB85 /* HelloAppUITests.swift in Sources */,
			);
			runOnlyForDeploymentPostprocessing = 0;
		};
/* End PBXSourcesBuildPhase section */

/* Begin PBXTargetDependency section */
		F486E83828B7B4F300B4FB85 /* PBXTargetDependency */ = {
			isa = PBXTargetDependency;
			target = F486E81F28B7B4EF00B4FB85 /* HelloApp */;
			targetProxy = F486E83728B7B4F300B4FB85 /* PBXContainerItemProxy */;
		};
		F486E84228B7B4F300B4FB85 /* PBXTargetDependency */ = {
			isa = PBXTargetDependency;
			target = F486E81F28B7B4EF00B4FB85 /* HelloApp */;
			targetProxy = F486E84128B7B4F300B4FB85 /* PBXContainerItemProxy */;
		};
/* End PBXTargetDependency section */

/* Begin PBXVariantGroup section */
		F486E82928B7B4F000B4FB85 /* Main.storyboard */ = {
			isa = PBXVariantGroup;
			children = (
				F486E82A28B7B4F000B4FB85 /* Base */,
			);
			name = Main.storyboard;
			sourceTree = "<group>";
		};
		F486E82E28B7B4F300B4FB85 /* LaunchScreen.storyboard */ = {
			isa = PBXVariantGroup;
			children = (
				F486E82F28B7B4F300B4FB85 /* Base */,
			);
			name = LaunchScreen.storyboard;
			sourceTree = "<group>";
		};
/* End PBXVariantGroup section */

/* Begin XCBuildConfiguration section */
		F486E84828B7B4F300B4FB85 /* Debug */ = {
			isa = XCBuildConfiguration;
			buildSettings = {
				ALWAYS_SEARCH_USER_PATHS = NO;
				CLANG_ANALYZER_NONNULL = YES;
				CLANG_ANALYZER_NUMBER_OBJECT_CONVERSION = YES_AGGRESSIVE;
				CLANG_CXX_LANGUAGE_STANDARD = "gnu++17";
				CLANG_ENABLE_MODULES = YES;
				CLANG_ENABLE_OBJC_ARC = YES;
				CLANG_ENABLE_OBJC_WEAK = YES;
				CLANG_WARN_BLOCK_CAPTURE_AUTORELEASING = YES;
				CLANG_WARN_BOOL_CONVERSION = YES;
				CLANG_WARN_COMMA = YES;
				CLANG_WARN_CONSTANT_CONVERSION = YES;
				CLANG_WARN_DEPRECATED_OBJC_IMPLEMENTATIONS = YES;
				CLANG_WARN_DIRECT_OBJC_ISA_USAGE = YES_ERROR;
				CLANG_WARN_DOCUMENTATION_COMMENTS = YES;
				CLANG_WARN_EMPTY_BODY = YES;
				CLANG_WARN_ENUM_CONVERSION = YES;
				CLANG_WARN_INFINITE_RECURSION = YES;
				CLANG_WARN_INT_CONVERSION = YES;
				CLANG_WARN_NON_LITERAL_NULL_CONVERSION = YES;
				CLANG_WARN_OBJC_IMPLICIT_RETAIN_SELF = YES;
				CLANG_WARN_OBJC_LITERAL_CONVERSION = YES;
				CLANG_WARN_OBJC_ROOT_CLASS = YES_ERROR;
				CLANG_WARN_QUOTED_INCLUDE_IN_FRAMEWORK_HEADER = YES;
				CLANG_WARN_RANGE_LOOP_ANALYSIS = YES;
				CLANG_WARN_STRICT_PROTOTYPES = YES;
				CLANG_WARN_SUSPICIOUS_MOVE = YES;
				CLANG_WARN_UNGUARDED_AVAILABILITY = YES_AGGRESSIVE;
				CLANG_WARN_UNREACHABLE_CODE = YES;
				CLANG_WARN__DUPLICATE_METHOD_MATCH = YES;
				COPY_PHASE_STRIP = NO;
				DEBUG_INFORMATION_FORMAT = dwarf;
				ENABLE_STRICT_OBJC_MSGSEND = YES;
				ENABLE_TESTABILITY = YES;
				GCC_C_LANGUAGE_STANDARD = gnu11;
				GCC_DYNAMIC_NO_PIC = NO;
				GCC_NO_COMMON_BLOCKS = YES;
				GCC_OPTIMIZATION_LEVEL = 0;
				GCC_PREPROCESSOR_DEFINITIONS = (
					"DEBUG=1",
					"$(inherited)",
				);
				GCC_WARN_64_TO_32_BIT_CONVERSION = YES;
				GCC_WARN_ABOUT_RETURN_TYPE = YES_ERROR;
				GCC_WARN_UNDECLARED_SELECTOR = YES;
				GCC_WARN_UNINITIALIZED_AUTOS = YES_AGGRESSIVE;
				GCC_WARN_UNUSED_FUNCTION = YES;
				GCC_WARN_UNUSED_VARIABLE = YES;
				IPHONEOS_DEPLOYMENT_TARGET = 15.5;
				MTL_ENABLE_DEBUG_INFO = INCLUDE_SOURCE;
				MTL_FAST_MATH = YES;
				ONLY_ACTIVE_ARCH = YES;
				SDKROOT = iphoneos;
				SWIFT_ACTIVE_COMPILATION_CONDITIONS = DEBUG;
				SWIFT_OPTIMIZATION_LEVEL = "-Onone";
			};
			name = Debug;
		};
		F486E84928B7B4F300B4FB85 /* Release */ = {
			isa = XCBuildConfiguration;
			buildSettings = {
				ALWAYS_SEARCH_USER_PATHS = NO;
				CLANG_ANALYZER_NONNULL = YES;
				CLANG_ANALYZER_NUMBER_OBJECT_CONVERSION = YES_AGGRESSIVE;
				CLANG_CXX_LANGUAGE_STANDARD = "gnu++17";
				CLANG_ENABLE_MODULES = YES;
				CLANG_ENABLE_OBJC_ARC = YES;
				CLANG_ENABLE_OBJC_WEAK = YES;
				CLANG_WARN_BLOCK_CAPTURE_AUTORELEASING = YES;
				CLANG_WARN_BOOL_CONVERSION = YES;
				CLANG_WARN_COMMA = YES;
				CLANG_WARN_CONSTANT_CONVERSION = YES;
				CLANG_WARN_DEPRECATED_OBJC_IMPLEMENTATIONS = YES;
				CLANG_WARN_DIRECT_OBJC_ISA_USAGE = YES_ERROR;
				CLANG_WARN_DOCUMENTATION_COMMENTS = YES;
				CLANG_WARN_EMPTY_BODY = YES;
				CLANG_WARN_ENUM_CONVERSION = YES;
				CLANG_WARN_INFINITE_RECURSION = YES;
				CLANG_WARN_INT_CONVERSION = YES;
				CLANG_WARN_NON_LITERAL_NULL_CONVERSION = YES;
				CLANG_WARN_OBJC_IMPLICIT_RETAIN_SELF = YES;
				CLANG_WARN_OBJC_LITERAL_CONVERSION = YES;
				CLANG_WARN_OBJC_ROOT_CLASS = YES_ERROR;
				CLANG_WARN_QUOTED_INCLUDE_IN_FRAMEWORK_HEADER = YES;
				CLANG_WARN_RANGE_LOOP_ANALYSIS = YES;
				CLANG_WARN_STRICT_PROTOTYPES = YES;
				CLANG_WARN_SUSPICIOUS_MOVE = YES;
				CLANG_WARN_UNGUARDED_AVAILABILITY = YES_AGGRESSIVE;
				CLANG_WARN_UNREACHABLE_CODE = YES;
				CLANG_WARN__DUPLICATE_METHOD_MATCH = YES;
				COPY_PHASE_STRIP = NO;
				DEBUG_INFORMATION_FORMAT = "dwarf-with-dsym";
				ENABLE_NS_ASSERTIONS = NO;
				ENABLE_STRICT_OBJC_MSGSEND = YES;
				GCC_C_LANGUAGE_STANDARD = gnu11;
				GCC_NO_COMMON_BLOCKS = YES;
				GCC_WARN_64_TO_32_BIT_CONVERSION = YES;
				GCC_WARN_ABOUT_RETURN_TYPE = YES_ERROR;
				GCC_WARN_UNDECLARED_SELECTOR = YES;
				GCC_WARN_UNINITIALIZED_AUTOS = YES_AGGRESSIVE;
				GCC_WARN_UNUSED_FUNCTION = YES;
				GCC_WARN_UNUSED_VARIABLE = YES;
				IPHONEOS_DEPLOYMENT_TARGET = 15.5;
				MTL_ENABLE_DEBUG_INFO = NO;
				MTL_FAST_MATH = YES;
				SDKROOT = iphoneos;
				SWIFT_COMPILATION_MODE = wholemodule;
				SWIFT_OPTIMIZATION_LEVEL = "-O";
				VALIDATE_PRODUCT = YES;
			};
			name = Release;
		};
		F486E84B28B7B4F300B4FB85 /* Debug */ = {
			isa = XCBuildConfiguration;
			buildSettings = {
				ASSETCATALOG_COMPILER_APPICON_NAME = AppIcon;
				ASSETCATALOG_COMPILER_GLOBAL_ACCENT_COLOR_NAME = AccentColor;
				CODE_SIGN_STYLE = Automatic;
				CURRENT_PROJECT_VERSION = 1;
				GENERATE_INFOPLIST_FILE = YES;
				INFOPLIST_FILE = HelloApp/Info.plist;
				INFOPLIST_KEY_CFBundleDisplayName = HelloApp;
				INFOPLIST_KEY_UIApplicationSupportsIndirectInputEvents = YES;
				INFOPLIST_KEY_UILaunchStoryboardName = LaunchScreen;
				INFOPLIST_KEY_UIMainStoryboardFile = Main;
				INFOPLIST_KEY_UISupportedInterfaceOrientations_iPad = "UIInterfaceOrientationPortrait UIInterfaceOrientationPortraitUpsideDown UIInterfaceOrientationLandscapeLeft UIInterfaceOrientationLandscapeRight";
				INFOPLIST_KEY_UISupportedInterfaceOrientations_iPhone = "UIInterfaceOrientationPortrait UIInterfaceOrientationLandscapeLeft UIInterfaceOrientationLandscapeRight";
				LD_RUNPATH_SEARCH_PATHS = (
					"$(inherited)",
					"@executable_path/Frameworks",
				);
				MARKETING_VERSION = 1.0;
				PRODUCT_BUNDLE_IDENTIFIER = nwmissouri.edu.HelloApp;
				PRODUCT_NAME = "$(TARGET_NAME)";
				SWIFT_EMIT_LOC_STRINGS = YES;
				SWIFT_VERSION = 5.0;
				TARGETED_DEVICE_FAMILY = "1,2";
			};
			name = Debug;
		};
		F486E84C28B7B4F300B4FB85 /* Release */ = {
			isa = XCBuildConfiguration;
			buildSettings = {
				ASSETCATALOG_COMPILER_APPICON_NAME = AppIcon;
				ASSETCATALOG_COMPILER_GLOBAL_ACCENT_COLOR_NAME = AccentColor;
				CODE_SIGN_STYLE = Automatic;
				CURRENT_PROJECT_VERSION = 1;
				GENERATE_INFOPLIST_FILE = YES;
				INFOPLIST_FILE = HelloApp/Info.plist;
				INFOPLIST_KEY_CFBundleDisplayName = HelloApp;
				INFOPLIST_KEY_UIApplicationSupportsIndirectInputEvents = YES;
				INFOPLIST_KEY_UILaunchStoryboardName = LaunchScreen;
				INFOPLIST_KEY_UIMainStoryboardFile = Main;
				INFOPLIST_KEY_UISupportedInterfaceOrientations_iPad = "UIInterfaceOrientationPortrait UIInterfaceOrientationPortraitUpsideDown UIInterfaceOrientationLandscapeLeft UIInterfaceOrientationLandscapeRight";
				INFOPLIST_KEY_UISupportedInterfaceOrientations_iPhone = "UIInterfaceOrientationPortrait UIInterfaceOrientationLandscapeLeft UIInterfaceOrientationLandscapeRight";
				LD_RUNPATH_SEARCH_PATHS = (
					"$(inherited)",
					"@executable_path/Frameworks",
				);
				MARKETING_VERSION = 1.0;
				PRODUCT_BUNDLE_IDENTIFIER = nwmissouri.edu.HelloApp;
				PRODUCT_NAME = "$(TARGET_NAME)";
				SWIFT_EMIT_LOC_STRINGS = YES;
				SWIFT_VERSION = 5.0;
				TARGETED_DEVICE_FAMILY = "1,2";
			};
			name = Release;
		};
		F486E84E28B7B4F300B4FB85 /* Debug */ = {
			isa = XCBuildConfiguration;
			buildSettings = {
				ALWAYS_EMBED_SWIFT_STANDARD_LIBRARIES = YES;
				BUNDLE_LOADER = "$(TEST_HOST)";
				CODE_SIGN_STYLE = Automatic;
				CURRENT_PROJECT_VERSION = 1;
				GENERATE_INFOPLIST_FILE = YES;
				IPHONEOS_DEPLOYMENT_TARGET = 15.5;
				MARKETING_VERSION = 1.0;
				PRODUCT_BUNDLE_IDENTIFIER = nwmissouri.edu.HelloAppTests;
				PRODUCT_NAME = "$(TARGET_NAME)";
				SWIFT_EMIT_LOC_STRINGS = NO;
				SWIFT_VERSION = 5.0;
				TARGETED_DEVICE_FAMILY = "1,2";
				TEST_HOST = "$(BUILT_PRODUCTS_DIR)/HelloApp.app/HelloApp";
			};
			name = Debug;
		};
		F486E84F28B7B4F300B4FB85 /* Release */ = {
			isa = XCBuildConfiguration;
			buildSettings = {
				ALWAYS_EMBED_SWIFT_STANDARD_LIBRARIES = YES;
				BUNDLE_LOADER = "$(TEST_HOST)";
				CODE_SIGN_STYLE = Automatic;
				CURRENT_PROJECT_VERSION = 1;
				GENERATE_INFOPLIST_FILE = YES;
				IPHONEOS_DEPLOYMENT_TARGET = 15.5;
				MARKETING_VERSION = 1.0;
				PRODUCT_BUNDLE_IDENTIFIER = nwmissouri.edu.HelloAppTests;
				PRODUCT_NAME = "$(TARGET_NAME)";
				SWIFT_EMIT_LOC_STRINGS = NO;
				SWIFT_VERSION = 5.0;
				TARGETED_DEVICE_FAMILY = "1,2";
				TEST_HOST = "$(BUILT_PRODUCTS_DIR)/HelloApp.app/HelloApp";
			};
			name = Release;
		};
		F486E85128B7B4F300B4FB85 /* Debug */ = {
			isa = XCBuildConfiguration;
			buildSettings = {
				ALWAYS_EMBED_SWIFT_STANDARD_LIBRARIES = YES;
				CODE_SIGN_STYLE = Automatic;
				CURRENT_PROJECT_VERSION = 1;
				GENERATE_INFOPLIST_FILE = YES;
				MARKETING_VERSION = 1.0;
				PRODUCT_BUNDLE_IDENTIFIER = nwmissouri.edu.HelloAppUITests;
				PRODUCT_NAME = "$(TARGET_NAME)";
				SWIFT_EMIT_LOC_STRINGS = NO;
				SWIFT_VERSION = 5.0;
				TARGETED_DEVICE_FAMILY = "1,2";
				TEST_TARGET_NAME = HelloApp;
			};
			name = Debug;
		};
		F486E85228B7B4F300B4FB85 /* Release */ = {
			isa = XCBuildConfiguration;
			buildSettings = {
				ALWAYS_EMBED_SWIFT_STANDARD_LIBRARIES = YES;
				CODE_SIGN_STYLE = Automatic;
				CURRENT_PROJECT_VERSION = 1;
				GENERATE_INFOPLIST_FILE = YES;
				MARKETING_VERSION = 1.0;
				PRODUCT_BUNDLE_IDENTIFIER = nwmissouri.edu.HelloAppUITests;
				PRODUCT_NAME = "$(TARGET_NAME)";
				SWIFT_EMIT_LOC_STRINGS = NO;
				SWIFT_VERSION = 5.0;
				TARGETED_DEVICE_FAMILY = "1,2";
				TEST_TARGET_NAME = HelloApp;
			};
			name = Release;
		};
/* End XCBuildConfiguration section */

/* Begin XCConfigurationList section */
		F486E81B28B7B4EF00B4FB85 /* Build configuration list for PBXProject "HelloApp" */ = {
			isa = XCConfigurationList;
			buildConfigurations = (
				F486E84828B7B4F300B4FB85 /* Debug */,
				F486E84928B7B4F300B4FB85 /* Release */,
			);
			defaultConfigurationIsVisible = 0;
			defaultConfigurationName = Release;
		};
		F486E84A28B7B4F300B4FB85 /* Build configuration list for PBXNativeTarget "HelloApp" */ = {
			isa = XCConfigurationList;
			buildConfigurations = (
				F486E84B28B7B4F300B4FB85 /* Debug */,
				F486E84C28B7B4F300B4FB85 /* Release */,
			);
			defaultConfigurationIsVisible = 0;
			defaultConfigurationName = Release;
		};
		F486E84D28B7B4F300B4FB85 /* Build configuration list for PBXNativeTarget "HelloAppTests" */ = {
			isa = XCConfigurationList;
			buildConfigurations = (
				F486E84E28B7B4F300B4FB85 /* Debug */,
				F486E84F28B7B4F300B4FB85 /* Release */,
			);
			defaultConfigurationIsVisible = 0;
			defaultConfigurationName = Release;
		};
		F486E85028B7B4F300B4FB85 /* Build configuration list for PBXNativeTarget "HelloAppUITests" */ = {
			isa = XCConfigurationList;
			buildConfigurations = (
				F486E85128B7B4F300B4FB85 /* Debug */,
				F486E85228B7B4F300B4FB85 /* Release */,
			);
			defaultConfigurationIsVisible = 0;
			defaultConfigurationName = Release;
		};
/* End XCConfigurationList section */
	};
	rootObject = F486E81828B7B4EF00B4FB85 /* Project object */;
}
